{
  "version": 4,
  "terraform_version": "1.11.4",
  "serial": 150,
  "lineage": "e35c11f3-f90a-d197-3ed8-2ca9068a6b3d",
  "outputs": {
    "external_ip": {
      "value": "34.46.251.216",
      "type": "string"
    },
    "scheduler_job": {
      "value": "daily-futures-job",
      "type": "string"
    }
  },
  "resources": [
    {
      "mode": "data",
      "type": "google_secret_manager_secret",
      "name": "tws_password",
      "provider": "provider[\"registry.terraform.io/hashicorp/google\"]",
      "instances": [
        {
          "schema_version": 0,
          "attributes": {
            "annotations": {},
            "create_time": "2025-02-17T23:41:24.224973Z",
            "effective_annotations": {},
            "effective_labels": {},
            "expire_time": "",
            "id": "projects/stocks-451219/secrets/tws_password",
            "labels": {},
            "name": "projects/902266222948/secrets/tws_password",
            "project": "stocks-451219",
            "replication": [
              {
                "auto": [
                  {
                    "customer_managed_encryption": []
                  }
                ],
                "user_managed": []
              }
            ],
            "rotation": [],
            "secret_id": "tws_password",
            "terraform_labels": {},
            "topics": [],
            "ttl": null,
            "version_aliases": {},
            "version_destroy_ttl": ""
          },
          "sensitive_attributes": []
        }
      ]
    },
    {
      "mode": "data",
      "type": "google_secret_manager_secret_version",
      "name": "tws_password",
      "provider": "provider[\"registry.terraform.io/hashicorp/google\"]",
      "instances": [
        {
          "schema_version": 0,
          "attributes": {
            "create_time": "2025-02-17T23:41:24.485850Z",
            "destroy_time": null,
            "enabled": true,
            "id": "projects/902266222948/secrets/tws_password/versions/1",
            "is_secret_data_base64": false,
            "name": "projects/902266222948/secrets/tws_password/versions/1",
            "project": "stocks-451219",
            "secret": "tws_password",
            "secret_data": "vABH^$d5Uxj9gbx",
            "version": "1"
          },
          "sensitive_attributes": [
            [
              {
                "type": "get_attr",
                "value": "secret_data"
              }
            ]
          ]
        }
      ]
    },
    {
      "mode": "managed",
      "type": "google_cloud_scheduler_job",
      "name": "daily_futures_job",
      "provider": "provider[\"registry.terraform.io/hashicorp/google\"]",
      "instances": [
        {
          "schema_version": 0,
          "attributes": {
            "app_engine_http_target": [],
            "attempt_deadline": "180s",
            "description": "Calls the trading app's daily_futures endpoint at 7am daily",
            "http_target": [
              {
                "body": "",
                "headers": {},
                "http_method": "GET",
                "oauth_token": [],
                "oidc_token": [],
                "uri": "http://34.46.251.216:8080/daily_futures"
              }
            ],
            "id": "projects/stocks-451219/locations/us-central1/jobs/daily-futures-job",
            "name": "daily-futures-job",
            "paused": false,
            "project": "stocks-451219",
            "pubsub_target": [],
            "region": "us-central1",
            "retry_config": [],
            "schedule": "0 7 * * *",
            "state": "ENABLED",
            "time_zone": "America/Los_Angeles",
            "timeouts": null
          },
          "sensitive_attributes": [],
          "private": "eyJlMmJmYjczMC1lY2FhLTExZTYtOGY4OC0zNDM2M2JjN2M0YzAiOnsiY3JlYXRlIjoxMjAwMDAwMDAwMDAwLCJkZWxldGUiOjEyMDAwMDAwMDAwMDAsInVwZGF0ZSI6MTIwMDAwMDAwMDAwMH19",
          "dependencies": [
            "google_compute_address.static_ip"
          ]
        }
      ]
    },
    {
      "mode": "managed",
      "type": "google_compute_address",
      "name": "static_ip",
      "provider": "provider[\"registry.terraform.io/hashicorp/google\"]",
      "instances": [
        {
          "schema_version": 0,
          "attributes": {
            "address": "34.46.251.216",
            "address_type": "EXTERNAL",
            "creation_timestamp": "2025-05-12T00:26:10.604-07:00",
            "description": "",
            "effective_labels": {
              "goog-terraform-provisioned": "true"
            },
            "id": "projects/stocks-451219/regions/us-central1/addresses/trading-app-ip",
            "ip_version": "",
            "ipv6_endpoint_type": "",
            "label_fingerprint": "vezUS-42LLM=",
            "labels": {},
            "name": "trading-app-ip",
            "network": "",
            "network_tier": "PREMIUM",
            "prefix_length": 0,
            "project": "stocks-451219",
            "purpose": "",
            "region": "us-central1",
            "self_link": "https://www.googleapis.com/compute/v1/projects/stocks-451219/regions/us-central1/addresses/trading-app-ip",
            "subnetwork": "",
            "terraform_labels": {
              "goog-terraform-provisioned": "true"
            },
            "timeouts": null,
            "users": [
              "https://www.googleapis.com/compute/v1/projects/stocks-451219/zones/us-central1-a/instances/trading-app-vm"
            ]
          },
          "sensitive_attributes": [],
          "private": "eyJlMmJmYjczMC1lY2FhLTExZTYtOGY4OC0zNDM2M2JjN2M0YzAiOnsiY3JlYXRlIjoxMjAwMDAwMDAwMDAwLCJkZWxldGUiOjEyMDAwMDAwMDAwMDAsInVwZGF0ZSI6MTIwMDAwMDAwMDAwMH19"
        }
      ]
    },
    {
      "mode": "managed",
      "type": "google_compute_firewall",
      "name": "allow_ssh_oslogin_from_iap",
      "provider": "provider[\"registry.terraform.io/hashicorp/google\"]",
      "instances": [
        {
          "schema_version": 1,
          "attributes": {
            "allow": [
              {
                "ports": [
                  "22"
                ],
                "protocol": "tcp"
              }
            ],
            "creation_timestamp": "2025-05-12T00:27:32.232-07:00",
            "deny": [],
            "description": "Allow SSH via IAP tunnel for OS Login",
            "destination_ranges": [],
            "direction": "INGRESS",
            "disabled": false,
            "enable_logging": null,
            "id": "projects/stocks-451219/global/firewalls/allow-ssh-oslogin-from-iap",
            "log_config": [],
            "name": "allow-ssh-oslogin-from-iap",
            "network": "https://www.googleapis.com/compute/v1/projects/stocks-451219/global/networks/trading-app-network",
            "priority": 1000,
            "project": "stocks-451219",
            "self_link": "https://www.googleapis.com/compute/v1/projects/stocks-451219/global/firewalls/allow-ssh-oslogin-from-iap",
            "source_ranges": [
              "35.235.240.0/20"
            ],
            "source_service_accounts": null,
            "source_tags": null,
            "target_service_accounts": null,
            "target_tags": null,
            "timeouts": null
          },
          "sensitive_attributes": [],
          "private": "eyJlMmJmYjczMC1lY2FhLTExZTYtOGY4OC0zNDM2M2JjN2M0YzAiOnsiY3JlYXRlIjoxMjAwMDAwMDAwMDAwLCJkZWxldGUiOjEyMDAwMDAwMDAwMDAsInVwZGF0ZSI6MTIwMDAwMDAwMDAwMH0sInNjaGVtYV92ZXJzaW9uIjoiMSJ9"
        }
      ]
    },
    {
      "mode": "managed",
      "type": "google_compute_firewall",
      "name": "allow_trading_app",
      "provider": "provider[\"registry.terraform.io/hashicorp/google\"]",
      "instances": [
        {
          "schema_version": 1,
          "attributes": {
            "allow": [
              {
                "ports": [
                  "8080",
                  "4001",
                  "4003"
                ],
                "protocol": "tcp"
              }
            ],
            "creation_timestamp": "2025-05-12T00:26:53.658-07:00",
            "deny": [],
            "description": "",
            "destination_ranges": [],
            "direction": "INGRESS",
            "disabled": false,
            "enable_logging": null,
            "id": "projects/stocks-451219/global/firewalls/allow-trading-app",
            "log_config": [],
            "name": "allow-trading-app",
            "network": "https://www.googleapis.com/compute/v1/projects/stocks-451219/global/networks/trading-app-network",
            "priority": 1000,
            "project": "stocks-451219",
            "self_link": "https://www.googleapis.com/compute/v1/projects/stocks-451219/global/firewalls/allow-trading-app",
            "source_ranges": [
              "0.0.0.0/0"
            ],
            "source_service_accounts": [],
            "source_tags": [],
            "target_service_accounts": [],
            "target_tags": [],
            "timeouts": null
          },
          "sensitive_attributes": [],
          "private": "eyJlMmJmYjczMC1lY2FhLTExZTYtOGY4OC0zNDM2M2JjN2M0YzAiOnsiY3JlYXRlIjoxMjAwMDAwMDAwMDAwLCJkZWxldGUiOjEyMDAwMDAwMDAwMDAsInVwZGF0ZSI6MTIwMDAwMDAwMDAwMH0sInNjaGVtYV92ZXJzaW9uIjoiMSJ9",
          "dependencies": [
            "google_compute_network.vpc_network"
          ]
        }
      ]
    },
    {
      "mode": "managed",
      "type": "google_compute_health_check",
      "name": "trading_app_health_check",
      "provider": "provider[\"registry.terraform.io/hashicorp/google\"]",
      "instances": [
        {
          "schema_version": 0,
          "attributes": {
            "check_interval_sec": 60,
            "creation_timestamp": "2025-05-12T00:26:10.670-07:00",
            "description": "",
            "grpc_health_check": [],
            "healthy_threshold": 2,
            "http2_health_check": [],
            "http_health_check": [
              {
                "host": "",
                "port": 4001,
                "port_name": "",
                "port_specification": "",
                "proxy_header": "NONE",
                "request_path": "/status",
                "response": ""
              }
            ],
            "https_health_check": [],
            "id": "projects/stocks-451219/global/healthChecks/trading-app-health-check",
            "log_config": [
              {
                "enable": false
              }
            ],
            "name": "trading-app-health-check",
            "project": "stocks-451219",
            "self_link": "https://www.googleapis.com/compute/v1/projects/stocks-451219/global/healthChecks/trading-app-health-check",
            "source_regions": [],
            "ssl_health_check": [],
            "tcp_health_check": [],
            "timeout_sec": 5,
            "timeouts": null,
            "type": "HTTP",
            "unhealthy_threshold": 3
          },
          "sensitive_attributes": [],
          "private": "eyJlMmJmYjczMC1lY2FhLTExZTYtOGY4OC0zNDM2M2JjN2M0YzAiOnsiY3JlYXRlIjoxMjAwMDAwMDAwMDAwLCJkZWxldGUiOjEyMDAwMDAwMDAwMDAsInVwZGF0ZSI6MTIwMDAwMDAwMDAwMH19"
        }
      ]
    },
    {
      "mode": "managed",
      "type": "google_compute_instance",
      "name": "trading_app_vm",
      "provider": "provider[\"registry.terraform.io/hashicorp/google\"]",
      "instances": [
        {
          "schema_version": 6,
          "attributes": {
            "advanced_machine_features": [],
            "allow_stopping_for_update": null,
            "attached_disk": [],
            "boot_disk": [
              {
                "auto_delete": true,
                "device_name": "persistent-disk-0",
                "disk_encryption_key_raw": "",
                "disk_encryption_key_rsa": "",
                "disk_encryption_key_sha256": "",
                "disk_encryption_service_account": "",
                "guest_os_features": [
                  "TDX_CAPABLE",
                  "SEV_LIVE_MIGRATABLE_V2",
                  "VIRTIO_SCSI_MULTIQUEUE",
                  "UEFI_COMPATIBLE",
                  "SEV_LIVE_MIGRATABLE",
                  "SEV_CAPABLE",
                  "SEV_SNP_CAPABLE",
                  "IDPF",
                  "GVNIC"
                ],
                "initialize_params": [
                  {
                    "architecture": "X86_64",
                    "enable_confidential_compute": false,
                    "image": "https://www.googleapis.com/compute/v1/projects/cos-cloud/global/images/cos-stable-117-18613-263-4",
                    "labels": {},
                    "provisioned_iops": 0,
                    "provisioned_throughput": 0,
                    "resource_manager_tags": {},
                    "resource_policies": [],
                    "size": 20,
                    "snapshot": "",
                    "source_image_encryption_key": [],
                    "source_snapshot_encryption_key": [],
                    "storage_pool": "",
                    "type": "pd-standard"
                  }
                ],
                "interface": "",
                "kms_key_self_link": "",
                "mode": "READ_WRITE",
                "source": "https://www.googleapis.com/compute/v1/projects/stocks-451219/zones/us-central1-a/disks/trading-app-vm"
              }
            ],
            "can_ip_forward": false,
            "confidential_instance_config": [],
            "cpu_platform": "Intel Broadwell",
            "creation_timestamp": "2025-05-12T00:26:54.662-07:00",
            "current_status": "RUNNING",
            "deletion_protection": false,
            "description": "",
            "desired_status": null,
            "effective_labels": {
              "goog-terraform-provisioned": "true"
            },
            "enable_display": false,
            "guest_accelerator": [],
            "hostname": "",
            "id": "projects/stocks-451219/zones/us-central1-a/instances/trading-app-vm",
            "instance_encryption_key": [],
            "instance_id": "8615441525365283921",
            "key_revocation_action_type": "",
            "label_fingerprint": "vezUS-42LLM=",
            "labels": {},
            "machine_type": "e2-medium",
            "metadata": {
              "gce-container-declaration": "spec:\n  containers:\n    - name: trading-app\n      image: us-central1-docker.pkg.dev/stocks-451219/janus-repo/janus:future\n      env:\n        - name: TWS_USERID\n          value: \"garciaj42\"\n        - name: TRADING_MODE\n          value: \"paper\"\n        - name: READ_ONLY_API\n          value: \"no\"\n        - name: TWOFA_TIMEOUT_ACTION\n          value: \"restart\"\n        - name: AUTO_RESTART_TIME\n          value: \"11:59 PM\"\n        - name: RELOGIN_AFTER_TWOFA_TIMEOUT\n          value: \"yes\"\n        - name: TIME_ZONE\n          value: \"America/Los_Angeles\"\n        - name: ACCEPT_INCOMING_CONNECTION\n          value: \"yes\"\n        - name: TRUSTED_IPS\n          value: \"0.0.0.0/0\"\n        - name: IB_PORT\n          value: \"4004\"\n        - name: IB_CLIENT_ID\n          value: \"7\"\n        - name: TWS_PASSWORD\n          value: \"vABH^$d5Uxj9gbx\"\n      ports:\n        - containerPort: 8080\n          hostPort: 8080\n      stdin: false\n      tty: false\n      restartPolicy: Always\n  restartPolicy: Always\n",
              "user-data": "#cloud-config\nruncmd:\n  - sudo chmod 666 /var/run/docker.sock\n  - gcloud auth configure-docker us-central1-docker.pkg.dev\n"
            },
            "metadata_fingerprint": "YMcWMVHxE_U=",
            "metadata_startup_script": null,
            "min_cpu_platform": "",
            "name": "trading-app-vm",
            "network_interface": [
              {
                "access_config": [
                  {
                    "nat_ip": "34.46.251.216",
                    "network_tier": "PREMIUM",
                    "public_ptr_domain_name": ""
                  }
                ],
                "alias_ip_range": [],
                "internal_ipv6_prefix_length": 0,
                "ipv6_access_config": [],
                "ipv6_access_type": "",
                "ipv6_address": "",
                "name": "nic0",
                "network": "https://www.googleapis.com/compute/v1/projects/stocks-451219/global/networks/trading-app-network",
                "network_attachment": "",
                "network_ip": "10.128.0.2",
                "nic_type": "",
                "queue_count": 0,
                "stack_type": "IPV4_ONLY",
                "subnetwork": "https://www.googleapis.com/compute/v1/projects/stocks-451219/regions/us-central1/subnetworks/trading-app-network",
                "subnetwork_project": "stocks-451219"
              }
            ],
            "network_performance_config": [],
            "params": [],
            "project": "stocks-451219",
            "reservation_affinity": [],
            "resource_policies": [],
            "scheduling": [
              {
                "automatic_restart": true,
                "availability_domain": 0,
                "instance_termination_action": "",
                "local_ssd_recovery_timeout": [],
                "max_run_duration": [],
                "min_node_cpus": 0,
                "node_affinities": [],
                "on_host_maintenance": "MIGRATE",
                "on_instance_stop_action": [],
                "preemptible": false,
                "provisioning_model": "STANDARD",
                "termination_time": ""
              }
            ],
            "scratch_disk": [],
            "self_link": "https://www.googleapis.com/compute/v1/projects/stocks-451219/zones/us-central1-a/instances/trading-app-vm",
            "service_account": [
              {
                "email": "stocks@stocks-451219.iam.gserviceaccount.com",
                "scopes": [
                  "https://www.googleapis.com/auth/cloud-platform"
                ]
              }
            ],
            "shielded_instance_config": [
              {
                "enable_integrity_monitoring": true,
                "enable_secure_boot": false,
                "enable_vtpm": true
              }
            ],
            "tags": [
              "trading-app"
            ],
            "tags_fingerprint": "0hHeNHa_eM8=",
            "terraform_labels": {
              "goog-terraform-provisioned": "true"
            },
            "timeouts": null,
            "zone": "us-central1-a"
          },
          "sensitive_attributes": [
            [
              {
                "type": "get_attr",
                "value": "boot_disk"
              },
              {
                "type": "index",
                "value": {
                  "value": 0,
                  "type": "number"
                }
              },
              {
                "type": "get_attr",
                "value": "disk_encryption_key_raw"
              }
            ],
            [
              {
                "type": "get_attr",
                "value": "boot_disk"
              },
              {
                "type": "index",
                "value": {
                  "value": 0,
                  "type": "number"
                }
              },
              {
                "type": "get_attr",
                "value": "disk_encryption_key_rsa"
              }
            ],
            [
              {
                "type": "get_attr",
                "value": "metadata"
              },
              {
                "type": "index",
                "value": {
                  "value": "gce-container-declaration",
                  "type": "string"
                }
              }
            ]
          ],
          "private": "eyJlMmJmYjczMC1lY2FhLTExZTYtOGY4OC0zNDM2M2JjN2M0YzAiOnsiY3JlYXRlIjoxMjAwMDAwMDAwMDAwLCJkZWxldGUiOjEyMDAwMDAwMDAwMDAsInVwZGF0ZSI6MTIwMDAwMDAwMDAwMH0sInNjaGVtYV92ZXJzaW9uIjoiNiJ9",
          "dependencies": [
            "data.google_secret_manager_secret.tws_password",
            "data.google_secret_manager_secret_version.tws_password",
            "google_compute_address.static_ip",
            "google_compute_network.vpc_network"
          ]
        }
      ]
    },
    {
      "mode": "managed",
      "type": "google_compute_network",
      "name": "vpc_network",
      "provider": "provider[\"registry.terraform.io/hashicorp/google\"]",
      "instances": [
        {
          "schema_version": 0,
          "attributes": {
            "auto_create_subnetworks": true,
            "bgp_always_compare_med": false,
            "bgp_best_path_selection_mode": "LEGACY",
            "bgp_inter_region_cost": "",
            "delete_default_routes_on_create": false,
            "description": "",
            "enable_ula_internal_ipv6": false,
            "gateway_ipv4": "",
            "id": "projects/stocks-451219/global/networks/trading-app-network",
            "internal_ipv6_range": "",
            "mtu": 0,
            "name": "trading-app-network",
            "network_firewall_policy_enforcement_order": "AFTER_CLASSIC_FIREWALL",
            "network_id": "8653905165114154108",
            "network_profile": "",
            "numeric_id": "8653905165114154108",
            "project": "stocks-451219",
            "routing_mode": "REGIONAL",
            "self_link": "https://www.googleapis.com/compute/v1/projects/stocks-451219/global/networks/trading-app-network",
            "timeouts": null
          },
          "sensitive_attributes": [],
          "private": "eyJlMmJmYjczMC1lY2FhLTExZTYtOGY4OC0zNDM2M2JjN2M0YzAiOnsiY3JlYXRlIjoxMjAwMDAwMDAwMDAwLCJkZWxldGUiOjEyMDAwMDAwMDAwMDAsInVwZGF0ZSI6MTIwMDAwMDAwMDAwMH19"
        }
      ]
    },
    {
      "mode": "managed",
      "type": "google_monitoring_alert_policy",
      "name": "uptime_alert",
      "provider": "provider[\"registry.terraform.io/hashicorp/google\"]",
      "instances": [
        {
          "schema_version": 0,
          "attributes": {
            "alert_strategy": [],
            "combiner": "OR",
            "conditions": [
              {
                "condition_absent": [],
                "condition_matched_log": [],
                "condition_monitoring_query_language": [],
                "condition_prometheus_query_language": [],
                "condition_sql": [],
                "condition_threshold": [
                  {
                    "aggregations": [
                      {
                        "alignment_period": "300s",
                        "cross_series_reducer": "REDUCE_COUNT_FALSE",
                        "group_by_fields": [],
                        "per_series_aligner": "ALIGN_NEXT_OLDER"
                      }
                    ],
                    "comparison": "COMPARISON_LT",
                    "denominator_aggregations": [],
                    "denominator_filter": "",
                    "duration": "300s",
                    "evaluation_missing_data": "",
                    "filter": "resource.type = \"uptime_url\" AND metric.type = \"monitoring.googleapis.com/uptime_check/check_passed\"",
                    "forecast_options": [],
                    "threshold_value": 1,
                    "trigger": []
                  }
                ],
                "display_name": "Uptime Check Failed",
                "name": "projects/stocks-451219/alertPolicies/7929818627695570720/conditions/7929818627695568521"
              }
            ],
            "creation_record": [
              {
                "mutate_time": "2025-05-12T07:26:12.188474774Z",
                "mutated_by": "jesusvgarcia42@gmail.com"
              }
            ],
            "display_name": "Trading App Down Alert",
            "documentation": [],
            "enabled": true,
            "id": "projects/stocks-451219/alertPolicies/7929818627695570720",
            "name": "projects/stocks-451219/alertPolicies/7929818627695570720",
            "notification_channels": [
              "projects/stocks-451219/notificationChannels/15878942909005860034"
            ],
            "project": "stocks-451219",
            "severity": "",
            "timeouts": null,
            "user_labels": {}
          },
          "sensitive_attributes": [],
          "private": "eyJlMmJmYjczMC1lY2FhLTExZTYtOGY4OC0zNDM2M2JjN2M0YzAiOnsiY3JlYXRlIjoxMjAwMDAwMDAwMDAwLCJkZWxldGUiOjEyMDAwMDAwMDAwMDAsInVwZGF0ZSI6MTIwMDAwMDAwMDAwMH19",
          "dependencies": [
            "google_monitoring_notification_channel.email"
          ]
        }
      ]
    },
    {
      "mode": "managed",
      "type": "google_monitoring_notification_channel",
      "name": "email",
      "provider": "provider[\"registry.terraform.io/hashicorp/google\"]",
      "instances": [
        {
          "schema_version": 0,
          "attributes": {
            "description": "",
            "display_name": "Trading App Alerts",
            "enabled": true,
            "force_delete": false,
            "id": "projects/stocks-451219/notificationChannels/15878942909005860034",
            "labels": {
              "email_address": "your-email@example.com"
            },
            "name": "projects/stocks-451219/notificationChannels/15878942909005860034",
            "project": "stocks-451219",
            "sensitive_labels": [],
            "timeouts": null,
            "type": "email",
            "user_labels": {},
            "verification_status": ""
          },
          "sensitive_attributes": [],
          "private": "eyJlMmJmYjczMC1lY2FhLTExZTYtOGY4OC0zNDM2M2JjN2M0YzAiOnsiY3JlYXRlIjoxMjAwMDAwMDAwMDAwLCJkZWxldGUiOjEyMDAwMDAwMDAwMDAsInVwZGF0ZSI6MTIwMDAwMDAwMDAwMH19"
        }
      ]
    },
    {
      "mode": "managed",
      "type": "google_monitoring_uptime_check_config",
      "name": "trading_app_uptime",
      "provider": "provider[\"registry.terraform.io/hashicorp/google\"]",
      "instances": [
        {
          "schema_version": 0,
          "attributes": {
            "checker_type": "STATIC_IP_CHECKERS",
            "content_matchers": [],
            "display_name": "Trading App Uptime Check",
            "http_check": [
              {
                "accepted_response_status_codes": [],
                "auth_info": [],
                "body": "",
                "content_type": "",
                "custom_content_type": "",
                "headers": {},
                "mask_headers": false,
                "path": "/status",
                "ping_config": [],
                "port": 8080,
                "request_method": "GET",
                "service_agent_authentication": [],
                "use_ssl": false,
                "validate_ssl": false
              }
            ],
            "id": "projects/stocks-451219/uptimeCheckConfigs/trading-app-uptime-check-4U_c7giysWg",
            "log_check_failures": false,
            "monitored_resource": [
              {
                "labels": {
                  "host": "34.46.251.216",
                  "project_id": "stocks-451219"
                },
                "type": "uptime_url"
              }
            ],
            "name": "projects/stocks-451219/uptimeCheckConfigs/trading-app-uptime-check-4U_c7giysWg",
            "period": "300s",
            "project": "stocks-451219",
            "resource_group": [],
            "selected_regions": [],
            "synthetic_monitor": [],
            "tcp_check": [],
            "timeout": "10s",
            "timeouts": null,
            "uptime_check_id": "trading-app-uptime-check-4U_c7giysWg",
            "user_labels": {}
          },
          "sensitive_attributes": [],
          "private": "eyJlMmJmYjczMC1lY2FhLTExZTYtOGY4OC0zNDM2M2JjN2M0YzAiOnsiY3JlYXRlIjoxMjAwMDAwMDAwMDAwLCJkZWxldGUiOjEyMDAwMDAwMDAwMDAsInVwZGF0ZSI6MTIwMDAwMDAwMDAwMH19",
          "dependencies": [
            "google_compute_address.static_ip"
          ]
        }
      ]
    }
  ],
  "check_results": null
}
